
Microsoft Visual Studio Solution File, Format Version 12.00
# Visual Studio 15
VisualStudioVersion = 15.0.27130.2010
MinimumVisualStudioVersion = 10.0.40219.1
Project("{FAE04EC0-301F-11D3-BF4B-00C04F79EFBC}") = "VueApp2017", "VueApp2017\VueApp2017.csproj", "{D22A8976-E845-4909-A631-6D86E9AD570C}"
EndProject
Global
	GlobalSection(SolutionConfigurationPlatforms) = preSolution
		Debug|Any CPU = Debug|Any CPU
		Release|Any CPU = Release|Any CPU
	EndGlobalSection
	GlobalSection(ProjectConfigurationPlatforms) = postSolution
		{D22A8976-E845-4909-A631-6D86E9AD570C}.Debug|Any CPU.ActiveCfg = Debug|Any CPU
		{D22A8976-E845-4909-A631-6D86E9AD570C}.Debug|Any CPU.Build.0 = Debug|Any CPU
		{D22A8976-E845-4909-A631-6D86E9AD570C}.Release|Any CPU.ActiveCfg = Release|Any CPU
		{D22A8976-E845-4909-A631-6D86E9AD570C}.Release|Any CPU.Build.0 = Release|Any CPU
	EndGlobalSection
	GlobalSection(SolutionProperties) = preSolution
		HideSolutionNode = FALSE
	EndGlobalSection
	GlobalSection(ExtensibilityGlobals) = postSolution
		SolutionGuid = {83266F54-C6FB-415C-AB72-2364B0F004AC}
	EndGlobalSection
EndGlobal
